
Microsoft Visual Studio Solution File, Format Version 12.00
# Visual Studio Version 17
VisualStudioVersion = 17.7.34221.43
MinimumVisualStudioVersion = 10.0.40219.1
Project("{9A19103F-16F7-4668-BE54-9A1E7A4F7556}") = "Library_System", "Library_System.csproj", "{F2CDA27C-174C-4535-869C-568E3EB2FC6E}"
EndProject
Global
	GlobalSection(SolutionConfigurationPlatforms) = preSolution
		Debug|Any CPU = Debug|Any CPU
		Release|Any CPU = Release|Any CPU
	EndGlobalSection
	GlobalSection(ProjectConfigurationPlatforms) = postSolution
		{F2CDA27C-174C-4535-869C-568E3EB2FC6E}.Debug|Any CPU.ActiveCfg = Debug|Any CPU
		{F2CDA27C-174C-4535-869C-568E3EB2FC6E}.Debug|Any CPU.Build.0 = Debug|Any CPU
		{F2CDA27C-174C-4535-869C-568E3EB2FC6E}.Release|Any CPU.ActiveCfg = Release|Any CPU
		{F2CDA27C-174C-4535-869C-568E3EB2FC6E}.Release|Any CPU.Build.0 = Release|Any CPU
	EndGlobalSection
	GlobalSection(SolutionProperties) = preSolution
		HideSolutionNode = FALSE
	EndGlobalSection
	GlobalSection(ExtensibilityGlobals) = postSolution
		SolutionGuid = {D76B306A-C690-4DCB-BE83-1171E0A26621}
	EndGlobalSection
EndGlobal
